
Microsoft Visual Studio Solution File, Format Version 12.00
# Visual Studio Version 16
VisualStudioVersion = 16.0.32802.440
MinimumVisualStudioVersion = 10.0.40219.1
Project("{FAE04EC0-301F-11D3-BF4B-00C04F79EFBC}") = "Lab01", "Lab01\Lab01.csproj", "{3CA696C3-D89C-461D-9E44-AAA43F868860}"
EndProject
Global
	GlobalSection(SolutionConfigurationPlatforms) = preSolution
		Debug|Any CPU = Debug|Any CPU
		Release|Any CPU = Release|Any CPU
	EndGlobalSection
	GlobalSection(ProjectConfigurationPlatforms) = postSolution
		{3CA696C3-D89C-461D-9E44-AAA43F868860}.Debug|Any CPU.ActiveCfg = Debug|Any CPU
		{3CA696C3-D89C-461D-9E44-AAA43F868860}.Debug|Any CPU.Build.0 = Debug|Any CPU
		{3CA696C3-D89C-461D-9E44-AAA43F868860}.Release|Any CPU.ActiveCfg = Release|Any CPU
		{3CA696C3-D89C-461D-9E44-AAA43F868860}.Release|Any CPU.Build.0 = Release|Any CPU
	EndGlobalSection
	GlobalSection(SolutionProperties) = preSolution
		HideSolutionNode = FALSE
	EndGlobalSection
	GlobalSection(ExtensibilityGlobals) = postSolution
		SolutionGuid = {96333192-665D-45EE-9E9A-0196BCA0CA63}
	EndGlobalSection
EndGlobal
