
Microsoft Visual Studio Solution File, Format Version 12.00
# Visual Studio Version 16
VisualStudioVersion = 16.0.31911.196
MinimumVisualStudioVersion = 10.0.40219.1
Project("{8BC9CEB8-8B4A-11D0-8D11-00A0C91BC942}") = "Lab1", "Lab1\Lab1.vcxproj", "{6DBFA4BB-1D05-4D72-A7D7-B38646C3C678}"
EndProject
Global
	GlobalSection(SolutionConfigurationPlatforms) = preSolution
		Debug|x64 = Debug|x64
		Debug|x86 = Debug|x86
		Release|x64 = Release|x64
		Release|x86 = Release|x86
	EndGlobalSection
	GlobalSection(ProjectConfigurationPlatforms) = postSolution
		{6DBFA4BB-1D05-4D72-A7D7-B38646C3C678}.Debug|x64.ActiveCfg = Debug|x64
		{6DBFA4BB-1D05-4D72-A7D7-B38646C3C678}.Debug|x64.Build.0 = Debug|x64
		{6DBFA4BB-1D05-4D72-A7D7-B38646C3C678}.Debug|x86.ActiveCfg = Debug|Win32
		{6DBFA4BB-1D05-4D72-A7D7-B38646C3C678}.Debug|x86.Build.0 = Debug|Win32
		{6DBFA4BB-1D05-4D72-A7D7-B38646C3C678}.Release|x64.ActiveCfg = Release|x64
		{6DBFA4BB-1D05-4D72-A7D7-B38646C3C678}.Release|x64.Build.0 = Release|x64
		{6DBFA4BB-1D05-4D72-A7D7-B38646C3C678}.Release|x86.ActiveCfg = Release|Win32
		{6DBFA4BB-1D05-4D72-A7D7-B38646C3C678}.Release|x86.Build.0 = Release|Win32
	EndGlobalSection
	GlobalSection(SolutionProperties) = preSolution
		HideSolutionNode = FALSE
	EndGlobalSection
	GlobalSection(ExtensibilityGlobals) = postSolution
		SolutionGuid = {512CC86B-20A9-4829-8F3F-4D810AE879A9}
	EndGlobalSection
EndGlobal
